// !$*UTF8*$!
{
	archiveVersion = 1;
	classes = {
	};
	objectVersion = 46;
	objects = {

/* Begin PBXBuildFile section */
		017C97351C9CFFB000D9295C /* Images.xcassets in Resources */ = {isa = PBXBuildFile; fileRef = 017C97341C9CFFB000D9295C /* Images.xcassets */; };
		017C97431C9CFFC200D9295C /* FlickrService.swift in Sources */ = {isa = PBXBuildFile; fileRef = 017C97391C9CFFC200D9295C /* FlickrService.swift */; };
		017C97441C9CFFC200D9295C /* APIKey.swift in Sources */ = {isa = PBXBuildFile; fileRef = 017C973A1C9CFFC200D9295C /* APIKey.swift */; };
		017C97451C9CFFC200D9295C /* FlickrViewerViewController.swift in Sources */ = {isa = PBXBuildFile; fileRef = 017C973B1C9CFFC200D9295C /* FlickrViewerViewController.swift */; };
		017C97461C9CFFC200D9295C /* UIImageAverageColour.swift in Sources */ = {isa = PBXBuildFile; fileRef = 017C973C1C9CFFC200D9295C /* UIImageAverageColour.swift */; };
		017C97471C9CFFC200D9295C /* DictionaryAppendOperator.swift in Sources */ = {isa = PBXBuildFile; fileRef = 017C973D1C9CFFC200D9295C /* DictionaryAppendOperator.swift */; };
		017C97481C9CFFC200D9295C /* AppDelegate.swift in Sources */ = {isa = PBXBuildFile; fileRef = 017C973E1C9CFFC200D9295C /* AppDelegate.swift */; };
		017C974E1C9CFFFE00D9295C /* Main.storyboard in Resources */ = {isa = PBXBuildFile; fileRef = 017C974A1C9CFFFE00D9295C /* Main.storyboard */; };
		017C974F1C9CFFFE00D9295C /* LaunchScreen.storyboard in Resources */ = {isa = PBXBuildFile; fileRef = 017C974C1C9CFFFE00D9295C /* LaunchScreen.storyboard */; };
/* End PBXBuildFile section */

/* Begin PBXFileReference section */
		017C97341C9CFFB000D9295C /* Images.xcassets */ = {isa = PBXFileReference; lastKnownFileType = folder.assetcatalog; path = Images.xcassets; sourceTree = "<group>"; };
		017C97361C9CFFC200D9295C /* Images.xcassets */ = {isa = PBXFileReference; lastKnownFileType = folder.assetcatalog; path = Images.xcassets; sourceTree = "<group>"; };
		017C97381C9CFFC200D9295C /* Info.plist */ = {isa = PBXFileReference; fileEncoding = 4; lastKnownFileType = text.plist.xml; path = Info.plist; sourceTree = "<group>"; };
		017C97391C9CFFC200D9295C /* FlickrService.swift */ = {isa = PBXFileReference; fileEncoding = 4; lastKnownFileType = sourcecode.swift; path = FlickrService.swift; sourceTree = "<group>"; };
		017C973A1C9CFFC200D9295C /* APIKey.swift */ = {isa = PBXFileReference; fileEncoding = 4; lastKnownFileType = sourcecode.swift; path = APIKey.swift; sourceTree = "<group>"; };
		017C973B1C9CFFC200D9295C /* FlickrViewerViewController.swift */ = {isa = PBXFileReference; fileEncoding = 4; lastKnownFileType = sourcecode.swift; path = FlickrViewerViewController.swift; sourceTree = "<group>"; };
		017C973C1C9CFFC200D9295C /* UIImageAverageColour.swift */ = {isa = PBXFileReference; fileEncoding = 4; lastKnownFileType = sourcecode.swift; path = UIImageAverageColour.swift; sourceTree = "<group>"; };
		017C973D1C9CFFC200D9295C /* DictionaryAppendOperator.swift */ = {isa = PBXFileReference; fileEncoding = 4; lastKnownFileType = sourcecode.swift; path = DictionaryAppendOperator.swift; sourceTree = "<group>"; };
		017C973E1C9CFFC200D9295C /* AppDelegate.swift */ = {isa = PBXFileReference; fileEncoding = 4; lastKnownFileType = sourcecode.swift; path = AppDelegate.swift; sourceTree = "<group>"; };
		017C974B1C9CFFFE00D9295C /* Base */ = {isa = PBXFileReference; lastKnownFileType = file.storyboard; name = Base; path = "Colour Matcher/Base.lproj/Main.storyboard"; sourceTree = "<group>"; };
		017C974D1C9CFFFE00D9295C /* Base */ = {isa = PBXFileReference; lastKnownFileType = file.storyboard; name = Base; path = "Colour Matcher/Base.lproj/LaunchScreen.storyboard"; sourceTree = "<group>"; };
		01DEBA501C9CFF280042354F /* Colour Matcher.app */ = {isa = PBXFileReference; explicitFileType = wrapper.application; includeInIndex = 0; path = "Colour Matcher.app"; sourceTree = BUILT_PRODUCTS_DIR; };
/* End PBXFileReference section */

/* Begin PBXFrameworksBuildPhase section */
		01DEBA4D1C9CFF280042354F /* Frameworks */ = {
			isa = PBXFrameworksBuildPhase;
			buildActionMask = 2147483647;
			files = (
			);
			runOnlyForDeploymentPostprocessing = 0;
		};
/* End PBXFrameworksBuildPhase section */

/* Begin PBXGroup section */
		01D8E7821C9D0151003CB048 /* Flickr Service */ = {
			isa = PBXGroup;
			children = (
				017C97391C9CFFC200D9295C /* FlickrService.swift */,
				017C973A1C9CFFC200D9295C /* APIKey.swift */,
			);
			name = "Flickr Service";
			sourceTree = "<group>";
		};
		01D8E7831C9D0161003CB048 /* Extensions */ = {
			isa = PBXGroup;
			children = (
				017C973C1C9CFFC200D9295C /* UIImageAverageColour.swift */,
				017C973D1C9CFFC200D9295C /* DictionaryAppendOperator.swift */,
			);
			name = Extensions;
			sourceTree = "<group>";
		};
		01DEBA471C9CFF280042354F = {
			isa = PBXGroup;
			children = (
				01DEBA521C9CFF280042354F /* Colour Matcher */,
				01DEBA511C9CFF280042354F /* Products */,
			);
			sourceTree = "<group>";
		};
		01DEBA511C9CFF280042354F /* Products */ = {
			isa = PBXGroup;
			children = (
				01DEBA501C9CFF280042354F /* Colour Matcher.app */,
			);
			name = Products;
			sourceTree = "<group>";
		};
		01DEBA521C9CFF280042354F /* Colour Matcher */ = {
			isa = PBXGroup;
			children = (
				01D8E7831C9D0161003CB048 /* Extensions */,
				01D8E7821C9D0151003CB048 /* Flickr Service */,
				017C97361C9CFFC200D9295C /* Images.xcassets */,
				017C974A1C9CFFFE00D9295C /* Main.storyboard */,
				017C974C1C9CFFFE00D9295C /* LaunchScreen.storyboard */,
				017C97381C9CFFC200D9295C /* Info.plist */,
				017C973B1C9CFFC200D9295C /* FlickrViewerViewController.swift */,
				017C973E1C9CFFC200D9295C /* AppDelegate.swift */,
				017C97341C9CFFB000D9295C /* Images.xcassets */,
			);
			path = "Colour Matcher";
			sourceTree = "<group>";
		};
/* End PBXGroup section */

/* Begin PBXNativeTarget section */
		01DEBA4F1C9CFF280042354F /* Colour Matcher */ = {
			isa = PBXNativeTarget;
			buildConfigurationList = 01DEBA621C9CFF290042354F /* Build configuration list for PBXNativeTarget "Colour Matcher" */;
			buildPhases = (
				01DEBA4C1C9CFF280042354F /* Sources */,
				01DEBA4D1C9CFF280042354F /* Frameworks */,
				01DEBA4E1C9CFF280042354F /* Resources */,
			);
			buildRules = (
			);
			dependencies = (
			);
			name = "Colour Matcher";
			productName = "Colour Matcher";
			productReference = 01DEBA501C9CFF280042354F /* Colour Matcher.app */;
			productType = "com.apple.product-type.application";
		};
/* End PBXNativeTarget section */

/* Begin PBXProject section */
		01DEBA481C9CFF280042354F /* Project object */ = {
			isa = PBXProject;
			attributes = {
				LastSwiftUpdateCheck = 0720;
				LastUpgradeCheck = 0730;
				ORGANIZATIONNAME = "Kris Penney";
				TargetAttributes = {
					01DEBA4F1C9CFF280042354F = {
						CreatedOnToolsVersion = 7.2.1;
						DevelopmentTeam = J76Z9QD47W;
					};
				};
			};
			buildConfigurationList = 01DEBA4B1C9CFF280042354F /* Build configuration list for PBXProject "Colour Matcher" */;
			compatibilityVersion = "Xcode 3.2";
			developmentRegion = English;
			hasScannedForEncodings = 0;
			knownRegions = (
				en,
				Base,
			);
			mainGroup = 01DEBA471C9CFF280042354F;
			productRefGroup = 01DEBA511C9CFF280042354F /* Products */;
			projectDirPath = "";
			projectRoot = "";
			targets = (
				01DEBA4F1C9CFF280042354F /* Colour Matcher */,
			);
		};
/* End PBXProject section */

/* Begin PBXResourcesBuildPhase section */
		01DEBA4E1C9CFF280042354F /* Resources */ = {
			isa = PBXResourcesBuildPhase;
			buildActionMask = 2147483647;
			files = (
				017C97351C9CFFB000D9295C /* Images.xcassets in Resources */,
				017C974F1C9CFFFE00D9295C /* LaunchScreen.storyboard in Resources */,
				017C974E1C9CFFFE00D9295C /* Main.storyboard in Resources */,
			);
			runOnlyForDeploymentPostprocessing = 0;
		};
/* End PBXResourcesBuildPhase section */

/* Begin PBXSourcesBuildPhase section */
		01DEBA4C1C9CFF280042354F /* Sources */ = {
			isa = PBXSourcesBuildPhase;
			buildActionMask = 2147483647;
			files = (
				017C97481C9CFFC200D9295C /* AppDelegate.swift in Sources */,
				017C97471C9CFFC200D9295C /* DictionaryAppendOperator.swift in Sources */,
				017C97451C9CFFC200D9295C /* FlickrViewerViewController.swift in Sources */,
				017C97461C9CFFC200D9295C /* UIImageAverageColour.swift in Sources */,
				017C97441C9CFFC200D9295C /* APIKey.swift in Sources */,
				017C97431C9CFFC200D9295C /* FlickrService.swift in Sources */,
			);
			runOnlyForDeploymentPostprocessing = 0;
		};
/* End PBXSourcesBuildPhase section */

/* Begin PBXVariantGroup section */
		017C974A1C9CFFFE00D9295C /* Main.storyboard */ = {
			isa = PBXVariantGroup;
			children = (
				017C974B1C9CFFFE00D9295C /* Base */,
			);
			name = Main.storyboard;
			path = ..;
			sourceTree = "<group>";
		};
		017C974C1C9CFFFE00D9295C /* LaunchScreen.storyboard */ = {
			isa = PBXVariantGroup;
			children = (
				017C974D1C9CFFFE00D9295C /* Base */,
			);
			name = LaunchScreen.storyboard;
			path = ..;
			sourceTree = "<group>";
		};
/* End PBXVariantGroup section */

/* Begin XCBuildConfiguration section */
		01DEBA601C9CFF290042354F /* Debug */ = {
			isa = XCBuildConfiguration;
			buildSettings = {
				ALWAYS_SEARCH_USER_PATHS = NO;
				CLANG_CXX_LANGUAGE_STANDARD = "gnu++0x";
				CLANG_CXX_LIBRARY = "libc++";
				CLANG_ENABLE_MODULES = YES;
				CLANG_ENABLE_OBJC_ARC = YES;
				CLANG_WARN_BOOL_CONVERSION = YES;
				CLANG_WARN_CONSTANT_CONVERSION = YES;
				CLANG_WARN_DIRECT_OBJC_ISA_USAGE = YES_ERROR;
				CLANG_WARN_EMPTY_BODY = YES;
				CLANG_WARN_ENUM_CONVERSION = YES;
				CLANG_WARN_INT_CONVERSION = YES;
				CLANG_WARN_OBJC_ROOT_CLASS = YES_ERROR;
				CLANG_WARN_UNREACHABLE_CODE = YES;
				CLANG_WARN__DUPLICATE_METHOD_MATCH = YES;
				"CODE_SIGN_IDENTITY[sdk=iphoneos*]" = "iPhone Developer";
				COPY_PHASE_STRIP = NO;
				DEBUG_INFORMATION_FORMAT = dwarf;
				ENABLE_STRICT_OBJC_MSGSEND = YES;
				ENABLE_TESTABILITY = YES;
				GCC_C_LANGUAGE_STANDARD = gnu99;
				GCC_DYNAMIC_NO_PIC = NO;
				GCC_NO_COMMON_BLOCKS = YES;
				GCC_OPTIMIZATION_LEVEL = 0;
				GCC_PREPROCESSOR_DEFINITIONS = (
					"DEBUG=1",
					"$(inherited)",
				);
				GCC_WARN_64_TO_32_BIT_CONVERSION = YES;
				GCC_WARN_ABOUT_RETURN_TYPE = YES_ERROR;
				GCC_WARN_UNDECLARED_SELECTOR = YES;
				GCC_WARN_UNINITIALIZED_AUTOS = YES_AGGRESSIVE;
				GCC_WARN_UNUSED_FUNCTION = YES;
				GCC_WARN_UNUSED_VARIABLE = YES;
				IPHONEOS_DEPLOYMENT_TARGET = 9.2;
				MTL_ENABLE_DEBUG_INFO = YES;
				ONLY_ACTIVE_ARCH = YES;
				SDKROOT = iphoneos;
				SWIFT_OPTIMIZATION_LEVEL = "-Onone";
			};
			name = Debug;
		};
		01DEBA611C9CFF290042354F /* Release */ = {
			isa = XCBuildConfiguration;
			buildSettings = {
				ALWAYS_SEARCH_USER_PATHS = NO;
				CLANG_CXX_LANGUAGE_STANDARD = "gnu++0x";
				CLANG_CXX_LIBRARY = "libc++";
				CLANG_ENABLE_MODULES = YES;
				CLANG_ENABLE_OBJC_ARC = YES;
				CLANG_WARN_BOOL_CONVERSION = YES;
				CLANG_WARN_CONSTANT_CONVERSION = YES;
				CLANG_WARN_DIRECT_OBJC_ISA_USAGE = YES_ERROR;
				CLANG_WARN_EMPTY_BODY = YES;
				CLANG_WARN_ENUM_CONVERSION = YES;
				CLANG_WARN_INT_CONVERSION = YES;
				CLANG_WARN_OBJC_ROOT_CLASS = YES_ERROR;
				CLANG_WARN_UNREACHABLE_CODE = YES;
				CLANG_WARN__DUPLICATE_METHOD_MATCH = YES;
				"CODE_SIGN_IDENTITY[sdk=iphoneos*]" = "iPhone Developer";
				COPY_PHASE_STRIP = NO;
				DEBUG_INFORMATION_FORMAT = "dwarf-with-dsym";
				ENABLE_NS_ASSERTIONS = NO;
				ENABLE_STRICT_OBJC_MSGSEND = YES;
				GCC_C_LANGUAGE_STANDARD = gnu99;
				GCC_NO_COMMON_BLOCKS = YES;
				GCC_WARN_64_TO_32_BIT_CONVERSION = YES;
				GCC_WARN_ABOUT_RETURN_TYPE = YES_ERROR;
				GCC_WARN_UNDECLARED_SELECTOR = YES;
				GCC_WARN_UNINITIALIZED_AUTOS = YES_AGGRESSIVE;
				GCC_WARN_UNUSED_FUNCTION = YES;
				GCC_WARN_UNUSED_VARIABLE = YES;
				IPHONEOS_DEPLOYMENT_TARGET = 9.2;
				MTL_ENABLE_DEBUG_INFO = NO;
				SDKROOT = iphoneos;
				VALIDATE_PRODUCT = YES;
			};
			name = Release;
		};
		01DEBA631C9CFF290042354F /* Debug */ = {
			isa = XCBuildConfiguration;
			buildSettings = {
				ASSETCATALOG_COMPILER_LAUNCHIMAGE_NAME = "Brand Assets";
				CLANG_ENABLE_MODULES = YES;
				INFOPLIST_FILE = "Colour Matcher/Info.plist";
				LD_RUNPATH_SEARCH_PATHS = "$(inherited) @executable_path/Frameworks";
				PRODUCT_BUNDLE_IDENTIFIER = "me.krispenney.Colour-Matcher";
				PRODUCT_NAME = "$(TARGET_NAME)";
				SWIFT_OBJC_BRIDGING_HEADER = "";
				SWIFT_OPTIMIZATION_LEVEL = "-Onone";
			};
			name = Debug;
		};
		01DEBA641C9CFF290042354F /* Release */ = {
			isa = XCBuildConfiguration;
			buildSettings = {
				ASSETCATALOG_COMPILER_LAUNCHIMAGE_NAME = "Brand Assets";
				CLANG_ENABLE_MODULES = YES;
				INFOPLIST_FILE = "Colour Matcher/Info.plist";
				LD_RUNPATH_SEARCH_PATHS = "$(inherited) @executable_path/Frameworks";
				PRODUCT_BUNDLE_IDENTIFIER = "me.krispenney.Colour-Matcher";
				PRODUCT_NAME = "$(TARGET_NAME)";
				SWIFT_OBJC_BRIDGING_HEADER = "";
			};
			name = Release;
		};
/* End XCBuildConfiguration section */

/* Begin XCConfigurationList section */
		01DEBA4B1C9CFF280042354F /* Build configuration list for PBXProject "Colour Matcher" */ = {
			isa = XCConfigurationList;
			buildConfigurations = (
				01DEBA601C9CFF290042354F /* Debug */,
				01DEBA611C9CFF290042354F /* Release */,
			);
			defaultConfigurationIsVisible = 0;
			defaultConfigurationName = Release;
		};
		01DEBA621C9CFF290042354F /* Build configuration list for PBXNativeTarget "Colour Matcher" */ = {
			isa = XCConfigurationList;
			buildConfigurations = (
				01DEBA631C9CFF290042354F /* Debug */,
				01DEBA641C9CFF290042354F /* Release */,
			);
			defaultConfigurationIsVisible = 0;
			defaultConfigurationName = Release;
		};
/* End XCConfigurationList section */
	};
	rootObject = 01DEBA481C9CFF280042354F /* Project object */;
}
